
Microsoft Visual Studio Solution File, Format Version 12.00
# Visual Studio Version 16
VisualStudioVersion = 16.0.31402.337
MinimumVisualStudioVersion = 10.0.40219.1
Project("{FAE04EC0-301F-11D3-BF4B-00C04F79EFBC}") = "questao5", "questao5\questao5.csproj", "{797C7755-42A7-41E3-A717-2273BFACF489}"
EndProject
Global
	GlobalSection(SolutionConfigurationPlatforms) = preSolution
		Debug|Any CPU = Debug|Any CPU
		Release|Any CPU = Release|Any CPU
	EndGlobalSection
	GlobalSection(ProjectConfigurationPlatforms) = postSolution
		{797C7755-42A7-41E3-A717-2273BFACF489}.Debug|Any CPU.ActiveCfg = Debug|Any CPU
		{797C7755-42A7-41E3-A717-2273BFACF489}.Debug|Any CPU.Build.0 = Debug|Any CPU
		{797C7755-42A7-41E3-A717-2273BFACF489}.Release|Any CPU.ActiveCfg = Release|Any CPU
		{797C7755-42A7-41E3-A717-2273BFACF489}.Release|Any CPU.Build.0 = Release|Any CPU
	EndGlobalSection
	GlobalSection(SolutionProperties) = preSolution
		HideSolutionNode = FALSE
	EndGlobalSection
	GlobalSection(ExtensibilityGlobals) = postSolution
		SolutionGuid = {C3F3F84F-6370-41EE-AE53-7E6382A367E8}
	EndGlobalSection
EndGlobal
